
Microsoft Visual Studio Solution File, Format Version 12.00
# Visual Studio Version 17
VisualStudioVersion = 17.14.36401.2
MinimumVisualStudioVersion = 10.0.40219.1
Project("{FAE04EC0-301F-11D3-BF4B-00C04F79EFBC}") = "Control de inventario", "Control de inventario.csproj", "{BC5D739E-54A3-45EA-9DFF-B52DBF4D7820}"
EndProject
Global
	GlobalSection(SolutionConfigurationPlatforms) = preSolution
		Debug|Any CPU = Debug|Any CPU
		Debug|x64 = Debug|x64
		Release|Any CPU = Release|Any CPU
		Release|x64 = Release|x64
	EndGlobalSection
	GlobalSection(ProjectConfigurationPlatforms) = postSolution
		{BC5D739E-54A3-45EA-9DFF-B52DBF4D7820}.Debug|Any CPU.ActiveCfg = Debug|x64
		{BC5D739E-54A3-45EA-9DFF-B52DBF4D7820}.Debug|Any CPU.Build.0 = Debug|x64
		{BC5D739E-54A3-45EA-9DFF-B52DBF4D7820}.Debug|x64.ActiveCfg = Debug|x64
		{BC5D739E-54A3-45EA-9DFF-B52DBF4D7820}.Debug|x64.Build.0 = Debug|x64
		{BC5D739E-54A3-45EA-9DFF-B52DBF4D7820}.Release|Any CPU.ActiveCfg = Release|x64
		{BC5D739E-54A3-45EA-9DFF-B52DBF4D7820}.Release|Any CPU.Build.0 = Release|x64
		{BC5D739E-54A3-45EA-9DFF-B52DBF4D7820}.Release|x64.ActiveCfg = Release|x64
		{BC5D739E-54A3-45EA-9DFF-B52DBF4D7820}.Release|x64.Build.0 = Release|x64
	EndGlobalSection
	GlobalSection(SolutionProperties) = preSolution
		HideSolutionNode = FALSE
	EndGlobalSection
	GlobalSection(ExtensibilityGlobals) = postSolution
		SolutionGuid = {5D5D623D-A107-4FAA-B516-AE8386B845F1}
	EndGlobalSection
EndGlobal
