
Microsoft Visual Studio Solution File, Format Version 12.00
# Visual Studio Version 17
VisualStudioVersion = 17.12.35527.113 d17.12
MinimumVisualStudioVersion = 10.0.40219.1
Project("{FAE04EC0-301F-11D3-BF4B-00C04F79EFBC}") = "Control de inventario", "Control de inventario.csproj", "{F22C40A0-F924-46AA-B1F9-E566D0FEA2DB}"
EndProject
Global
	GlobalSection(SolutionConfigurationPlatforms) = preSolution
		Debug|Any CPU = Debug|Any CPU
		Release|Any CPU = Release|Any CPU
	EndGlobalSection
	GlobalSection(ProjectConfigurationPlatforms) = postSolution
		{F22C40A0-F924-46AA-B1F9-E566D0FEA2DB}.Debug|Any CPU.ActiveCfg = Debug|Any CPU
		{F22C40A0-F924-46AA-B1F9-E566D0FEA2DB}.Debug|Any CPU.Build.0 = Debug|Any CPU
		{F22C40A0-F924-46AA-B1F9-E566D0FEA2DB}.Release|Any CPU.ActiveCfg = Release|Any CPU
		{F22C40A0-F924-46AA-B1F9-E566D0FEA2DB}.Release|Any CPU.Build.0 = Release|Any CPU
	EndGlobalSection
	GlobalSection(SolutionProperties) = preSolution
		HideSolutionNode = FALSE
	EndGlobalSection
EndGlobal
